
Microsoft Visual Studio Solution File, Format Version 12.00
# Visual Studio Version 16
VisualStudioVersion = 16.0.30804.86
MinimumVisualStudioVersion = 10.0.40219.1
Project("{FAE04EC0-301F-11D3-BF4B-00C04F79EFBC}") = "Automation_HW1", "Automation_HW1.csproj", "{386A488A-FDFF-4514-9A99-6C55B94B02ED}"
EndProject
Global
	GlobalSection(SolutionConfigurationPlatforms) = preSolution
		Debug|Any CPU = Debug|Any CPU
		Release|Any CPU = Release|Any CPU
	EndGlobalSection
	GlobalSection(ProjectConfigurationPlatforms) = postSolution
		{386A488A-FDFF-4514-9A99-6C55B94B02ED}.Debug|Any CPU.ActiveCfg = Debug|Any CPU
		{386A488A-FDFF-4514-9A99-6C55B94B02ED}.Debug|Any CPU.Build.0 = Debug|Any CPU
		{386A488A-FDFF-4514-9A99-6C55B94B02ED}.Release|Any CPU.ActiveCfg = Release|Any CPU
		{386A488A-FDFF-4514-9A99-6C55B94B02ED}.Release|Any CPU.Build.0 = Release|Any CPU
	EndGlobalSection
	GlobalSection(SolutionProperties) = preSolution
		HideSolutionNode = FALSE
	EndGlobalSection
	GlobalSection(ExtensibilityGlobals) = postSolution
		SolutionGuid = {A833EE31-6A30-4431-BEB1-314E1377F55A}
	EndGlobalSection
EndGlobal
